<?xml version="1.0" encoding="utf-8"?>
<Project ToolsVersion="4.0" xmlns="http://schemas.microsoft.com/developer/msbuild/2003">
  <ItemGroup>
    <Filter Include="Source Files">
      <UniqueIdentifier>{4FC737F1-C7A5-4376-A066-2A32D752A2FF}</UniqueIdentifier>
      <Extensions>qml;cpp;c;cc;cxx;def;odl;idl;hpj;bat;asm;asmx</Extensions>
    </Filter>
    <Filter Include="Header Files">
      <UniqueIdentifier>{93995380-89BD-4b04-88EB-625FBE52EBFB}</UniqueIdentifier>
      <Extensions>h;hh;hpp;hxx;hm;inl;inc;xsd</Extensions>
    </Filter>
    <Filter Include="Resource Files">
      <UniqueIdentifier>{67DA6AB6-F800-4c08-8B7A-83BB121AAD01}</UniqueIdentifier>
      <Extensions>qrc;rc;ico;cur;bmp;dlg;rc2;rct;bin;rgs;gif;jpg;jpeg;jpe;resx;tiff;tif;png;wav;mfcribbon-ms</Extensions>
    </Filter>
    <Filter Include="Form Files">
      <UniqueIdentifier>{99349809-55BA-4b9d-BF79-8FDBB0286EB3}</UniqueIdentifier>
      <Extensions>ui</Extensions>
    </Filter>
    <Filter Include="Translation Files">
      <UniqueIdentifier>{639EADAA-A684-42e4-A9AD-28FC9BCB8F7C}</UniqueIdentifier>
      <Extensions>ts</Extensions>
    </Filter>
    <Filter Include="Header Files\CJSON">
      <UniqueIdentifier>{b70ea9ce-7068-40d9-8c7d-96ae6d1839e9}</UniqueIdentifier>
    </Filter>
    <Filter Include="Source Files\CJSON">
      <UniqueIdentifier>{ba2d2bbe-50c9-4d00-bea2-3d644317f43a}</UniqueIdentifier>
    </Filter>
    <Filter Include="Header Files\QCodeEditor">
      <UniqueIdentifier>{9de054c9-3b84-4f3f-b5dc-2942150eb49f}</UniqueIdentifier>
    </Filter>
    <Filter Include="Source Files\QCodeEditor">
      <UniqueIdentifier>{fb1df6ec-2581-4def-b33c-463321396f03}</UniqueIdentifier>
    </Filter>
  </ItemGroup>
  <ItemGroup>
    <QtRcc Include="MainWindow.qrc">
      <Filter>Resource Files</Filter>
    </QtRcc>
    <QtUic Include="MainWindow.ui">
      <Filter>Form Files</Filter>
    </QtUic>
    <QtMoc Include="MainWindow.h">
      <Filter>Header Files</Filter>
    </QtMoc>
    <ClCompile Include="MainWindow.cpp">
      <Filter>Source Files</Filter>
    </ClCompile>
  </ItemGroup>
  <ItemGroup>
    <ClCompile Include="main.cpp">
      <Filter>Source Files</Filter>
    </ClCompile>
    <ClCompile Include="EntitySpatialGrid.cpp">
      <Filter>Source Files</Filter>
    </ClCompile>
    <ClCompile Include="ResourceManager.cpp">
      <Filter>Source Files</Filter>
    </ClCompile>
    <ClCompile Include="Image.cpp">
      <Filter>Source Files</Filter>
    </ClCompile>
    <ClCompile Include="MainFileSystem.cpp">
      <Filter>Source Files</Filter>
    </ClCompile>
    <ClCompile Include="EditorTabWidget.cpp">
      <Filter>Source Files</Filter>
    </ClCompile>
    <ClCompile Include="Level.cpp">
      <Filter>Source Files</Filter>
    </ClCompile>
    <ClCompile Include="ImageDimensions.cpp">
      <Filter>Source Files</Filter>
    </ClCompile>
    <ClCompile Include="Overworld.cpp">
      <Filter>Source Files</Filter>
    </ClCompile>
    <ClCompile Include="Tilemap.cpp">
      <Filter>Source Files</Filter>
    </ClCompile>
    <ClCompile Include="..\ZeldaOnline\cJSON\cJSON.c">
      <Filter>Source Files\CJSON</Filter>
    </ClCompile>
    <ClCompile Include="Tileset.cpp">
      <Filter>Source Files</Filter>
    </ClCompile>
    <ClCompile Include="GraphicsView.cpp">
      <Filter>Source Files</Filter>
    </ClCompile>
    <ClCompile Include="LevelNPC.cpp">
      <Filter>Source Files</Filter>
    </ClCompile>
    <ClCompile Include="LevelLink.cpp">
      <Filter>Source Files</Filter>
    </ClCompile>
    <ClCompile Include="TileSelection.cpp">
      <Filter>Source Files</Filter>
    </ClCompile>
    <ClCompile Include="ObjectSelection.cpp">
      <Filter>Source Files</Filter>
    </ClCompile>
    <ClCompile Include="QCodeEditor\src\Widgets\QCodeEditor.cpp">
      <Filter>Source Files\QCodeEditor</Filter>
    </ClCompile>
    <ClCompile Include="QCodeEditor\src\Widgets\QCodeEditorEvents.cpp">
      <Filter>Source Files\QCodeEditor</Filter>
    </ClCompile>
    <ClCompile Include="QCodeEditor\src\Widgets\QCodeEditorHighlighter.cpp">
      <Filter>Source Files\QCodeEditor</Filter>
    </ClCompile>
    <ClCompile Include="QCodeEditor\src\Widgets\QCodeEditorLineWidget.cpp">
      <Filter>Source Files\QCodeEditor</Filter>
    </ClCompile>
    <ClCompile Include="QCodeEditor\src\Widgets\QCodeEditorPopup.cpp">
      <Filter>Source Files\QCodeEditor</Filter>
    </ClCompile>
    <ClCompile Include="QCodeEditor\src\Widgets\QCodeEditorSlots.cpp">
      <Filter>Source Files\QCodeEditor</Filter>
    </ClCompile>
    <ClCompile Include="QCodeEditor\src\Design\QCodeEditorDesign.cpp">
      <Filter>Source Files\QCodeEditor</Filter>
    </ClCompile>
    <ClCompile Include="QCodeEditor\src\Design\QCodeEditorSheets.cpp">
      <Filter>Source Files\QCodeEditor</Filter>
    </ClCompile>
    <ClCompile Include="QCodeEditor\src\Design\QLineColumnPadding.cpp">
      <Filter>Source Files\QCodeEditor</Filter>
    </ClCompile>
    <ClCompile Include="QCodeEditor\src\Design\QSyntaxRule.cpp">
      <Filter>Source Files\QCodeEditor</Filter>
    </ClCompile>
    <ClCompile Include="QCodeEditor\src\Design\XmlHelper.cpp">
      <Filter>Source Files\QCodeEditor</Filter>
    </ClCompile>
    <ClCompile Include="EditAnonymousNPC.cpp">
      <Filter>Source Files</Filter>
    </ClCompile>
    <ClCompile Include="LevelSign.cpp">
      <Filter>Source Files</Filter>
    </ClCompile>
    <ClCompile Include="AbstractSelection.cpp">
      <Filter>Source Files</Filter>
    </ClCompile>
    <ClCompile Include="AbstractLevelEntity.cpp">
      <Filter>Source Files</Filter>
    </ClCompile>
    <ClCompile Include="EditLinkDialog.cpp">
      <Filter>Source Files</Filter>
    </ClCompile>
    <ClCompile Include="ListLinksDialog.cpp">
      <Filter>Source Files</Filter>
    </ClCompile>
    <ClCompile Include="TilesetsWidget.cpp">
      <Filter>Source Files</Filter>
    </ClCompile>
    <ClCompile Include="TileObjectsWidget.cpp">
      <Filter>Source Files</Filter>
    </ClCompile>
    <ClCompile Include="TileGroupModel.cpp">
      <Filter>Source Files</Filter>
    </ClCompile>
    <ClCompile Include="TileObject.cpp">
      <Filter>Source Files</Filter>
    </ClCompile>
    <ClCompile Include="TileGroupListModel.cpp">
      <Filter>Source Files</Filter>
    </ClCompile>
    <ClCompile Include="SaveOverworldDialog.cpp">
      <Filter>Source Files</Filter>
    </ClCompile>
    <ClCompile Include="EditSignsDialog.cpp">
      <Filter>Source Files</Filter>
    </ClCompile>
    <ClCompile Include="AboutDialog.cpp">
      <Filter>Source Files</Filter>
    </ClCompile>
    <ClCompile Include="ObjectsWidget.cpp">
      <Filter>Source Files</Filter>
    </ClCompile>
    <ClCompile Include="ObjectListModel.cpp">
      <Filter>Source Files</Filter>
    </ClCompile>
  </ItemGroup>
  <ItemGroup>
    <ClInclude Include="ISpatialMapItem.h">
      <Filter>Header Files</Filter>
    </ClInclude>
    <ClInclude Include="Rectangle.h">
      <Filter>Header Files</Filter>
    </ClInclude>
    <ClInclude Include="IEntitySpatialMap.h">
      <Filter>Header Files</Filter>
    </ClInclude>
    <ClInclude Include="EntitySpatialGrid.h">
      <Filter>Header Files</Filter>
    </ClInclude>
    <ClInclude Include="AbstractLevelEntity.h">
      <Filter>Header Files</Filter>
    </ClInclude>
    <ClInclude Include="RefCounter.h">
      <Filter>Header Files</Filter>
    </ClInclude>
    <ClInclude Include="LevelEntityType.h">
      <Filter>Header Files</Filter>
    </ClInclude>
    <ClInclude Include="Resource.h">
      <Filter>Header Files</Filter>
    </ClInclude>
    <ClInclude Include="ResourceType.h">
      <Filter>Header Files</Filter>
    </ClInclude>
    <ClInclude Include="ResourceManager.h">
      <Filter>Header Files</Filter>
    </ClInclude>
    <ClInclude Include="Image.h">
      <Filter>Header Files</Filter>
    </ClInclude>
    <ClInclude Include="AbstractFileSystem.h">
      <Filter>Header Files</Filter>
    </ClInclude>
    <ClInclude Include="MainFileSystem.h">
      <Filter>Header Files</Filter>
    </ClInclude>
    <ClInclude Include="Level.h">
      <Filter>Header Files</Filter>
    </ClInclude>
    <ClInclude Include="ImageDimensions.h">
      <Filter>Header Files</Filter>
    </ClInclude>
    <ClInclude Include="Overworld.h">
      <Filter>Header Files</Filter>
    </ClInclude>
    <ClInclude Include="StringTools.h">
      <Filter>Header Files</Filter>
    </ClInclude>
    <ClInclude Include="Tilemap.h">
      <Filter>Header Files</Filter>
    </ClInclude>
    <ClInclude Include="Tileset.h">
      <Filter>Header Files</Filter>
    </ClInclude>
    <ClInclude Include="..\ZeldaOnline\cJSON\cJSON.h">
      <Filter>Header Files\CJSON</Filter>
    </ClInclude>
    <ClInclude Include="..\ZeldaOnline\cJSON\JsonHelper.h">
      <Filter>Header Files\CJSON</Filter>
    </ClInclude>
    <ClInclude Include="LevelNPC.h">
      <Filter>Header Files</Filter>
    </ClInclude>
    <ClInclude Include="LevelLink.h">
      <Filter>Header Files</Filter>
    </ClInclude>
    <ClInclude Include="Selector.h">
      <Filter>Header Files</Filter>
    </ClInclude>
    <ClInclude Include="AbstractSelection.h">
      <Filter>Header Files</Filter>
    </ClInclude>
    <ClInclude Include="TileSelection.h">
      <Filter>Header Files</Filter>
    </ClInclude>
    <ClInclude Include="IWorld.h">
      <Filter>Header Files</Filter>
    </ClInclude>
    <ClInclude Include="ObjectSelection.h">
      <Filter>Header Files</Filter>
    </ClInclude>
    <ClInclude Include="SelectionType.h">
      <Filter>Header Files</Filter>
    </ClInclude>
    <ClInclude Include="LevelSign.h">
      <Filter>Header Files</Filter>
    </ClInclude>
    <ClInclude Include="TileGroupModel.h">
      <Filter>Header Files</Filter>
    </ClInclude>
    <ClInclude Include="TileObject.h">
      <Filter>Header Files</Filter>
    </ClInclude>
    <ClInclude Include="TileGroupListModel.h">
      <Filter>Header Files</Filter>
    </ClInclude>
    <ClInclude Include="ObjectListModel.h">
      <Filter>Header Files</Filter>
    </ClInclude>
  </ItemGroup>
  <ItemGroup>
    <QtMoc Include="EditorTabWidget.h">
      <Filter>Header Files</Filter>
    </QtMoc>
    <QtMoc Include="GraphicsView.h">
      <Filter>Header Files</Filter>
    </QtMoc>
    <QtMoc Include="QCodeEditor\include\KGL\Design\QCodeEditorDesign.hpp">
      <Filter>Header Files\QCodeEditor</Filter>
    </QtMoc>
    <QtMoc Include="QCodeEditor\include\KGL\Design\QCodeEditorSheets.hpp">
      <Filter>Header Files\QCodeEditor</Filter>
    </QtMoc>
    <QtMoc Include="QCodeEditor\include\KGL\Design\QLineColumnPadding.hpp">
      <Filter>Header Files\QCodeEditor</Filter>
    </QtMoc>
    <QtMoc Include="QCodeEditor\include\KGL\Design\QSyntaxRule.hpp">
      <Filter>Header Files\QCodeEditor</Filter>
    </QtMoc>
    <QtMoc Include="QCodeEditor\include\KGL\Design\XmlHelper.hpp">
      <Filter>Header Files\QCodeEditor</Filter>
    </QtMoc>
    <QtMoc Include="QCodeEditor\include\KGL\Widgets\QCodeEditor.hpp">
      <Filter>Header Files\QCodeEditor</Filter>
    </QtMoc>
    <QtMoc Include="QCodeEditor\include\KGL\Widgets\QCodeEditorHighlighter.hpp">
      <Filter>Header Files\QCodeEditor</Filter>
    </QtMoc>
    <QtMoc Include="QCodeEditor\include\KGL\KGLConfig.hpp">
      <Filter>Header Files\QCodeEditor</Filter>
    </QtMoc>
    <QtMoc Include="QCodeEditor\include\KGL\Widgets\QCodeEditorLineWidget.hpp">
      <Filter>Header Files\QCodeEditor</Filter>
    </QtMoc>
    <QtMoc Include="QCodeEditor\include\KGL\Widgets\QCodeEditorPopup.hpp">
      <Filter>Header Files\QCodeEditor</Filter>
    </QtMoc>
    <QtMoc Include="EditAnonymousNPC.h">
      <Filter>Header Files</Filter>
    </QtMoc>
    <QtMoc Include="EditLinkDialog.h">
      <Filter>Header Files</Filter>
    </QtMoc>
    <QtMoc Include="ListLinksDialog.h">
      <Filter>Header Files</Filter>
    </QtMoc>
    <QtMoc Include="TilesetsWidget.h">
      <Filter>Header Files</Filter>
    </QtMoc>
    <QtMoc Include="TileObjectsWidget.h">
      <Filter>Header Files</Filter>
    </QtMoc>
    <QtMoc Include="SaveOverworldDialog.h">
      <Filter>Header Files</Filter>
    </QtMoc>
    <QtMoc Include="EditSignsDialog.h">
      <Filter>Header Files</Filter>
    </QtMoc>
    <QtMoc Include="AboutDialog.h">
      <Filter>Header Files</Filter>
    </QtMoc>
    <QtMoc Include="CustomPaintWidget.h">
      <Filter>Header Files</Filter>
    </QtMoc>
    <QtMoc Include="ObjectsWidget.h">
      <Filter>Header Files</Filter>
    </QtMoc>
  </ItemGroup>
  <ItemGroup>
    <QtUic Include="EditorTabWidget.ui">
      <Filter>Form Files</Filter>
    </QtUic>
    <QtUic Include="EditAnonymousNPC.ui">
      <Filter>Form Files</Filter>
    </QtUic>
    <QtUic Include="EditLinkDialog.ui">
      <Filter>Form Files</Filter>
    </QtUic>
    <QtUic Include="ListLinksDialog.ui">
      <Filter>Form Files</Filter>
    </QtUic>
    <QtUic Include="TilesetsWidget.ui">
      <Filter>Form Files</Filter>
    </QtUic>
    <QtUic Include="TileObjectsWidget.ui">
      <Filter>Form Files</Filter>
    </QtUic>
    <QtUic Include="SaveOverworldDialog.ui">
      <Filter>Form Files</Filter>
    </QtUic>
    <QtUic Include="EditSignsDialog.ui">
      <Filter>Form Files</Filter>
    </QtUic>
    <QtUic Include="AboutDialog.ui">
      <Filter>Form Files</Filter>
    </QtUic>
    <QtUic Include="ObjectsWidget.ui">
      <Filter>Form Files</Filter>
    </QtUic>
  </ItemGroup>
</Project>